
Microsoft Visual Studio Solution File, Format Version 12.00
# Visual Studio 15
VisualStudioVersion = 15.0.28307.1145
MinimumVisualStudioVersion = 10.0.40219.1
Project("{FAE04EC0-301F-11D3-BF4B-00C04F79EFBC}") = "TeorInf3", "TeorInf3\TeorInf3.csproj", "{97FED1E9-5306-49D4-BE35-5D846EBD965A}"
EndProject
Global
	GlobalSection(SolutionConfigurationPlatforms) = preSolution
		Debug|Any CPU = Debug|Any CPU
		Release|Any CPU = Release|Any CPU
	EndGlobalSection
	GlobalSection(ProjectConfigurationPlatforms) = postSolution
		{97FED1E9-5306-49D4-BE35-5D846EBD965A}.Debug|Any CPU.ActiveCfg = Debug|Any CPU
		{97FED1E9-5306-49D4-BE35-5D846EBD965A}.Debug|Any CPU.Build.0 = Debug|Any CPU
		{97FED1E9-5306-49D4-BE35-5D846EBD965A}.Release|Any CPU.ActiveCfg = Release|Any CPU
		{97FED1E9-5306-49D4-BE35-5D846EBD965A}.Release|Any CPU.Build.0 = Release|Any CPU
	EndGlobalSection
	GlobalSection(SolutionProperties) = preSolution
		HideSolutionNode = FALSE
	EndGlobalSection
	GlobalSection(ExtensibilityGlobals) = postSolution
		SolutionGuid = {63E0B511-253C-4BBA-968B-410B24CE5108}
	EndGlobalSection
EndGlobal
